// !$*UTF8*$!
{
	archiveVersion = 1;
	classes = {
	};
	objectVersion = 56;
	objects = {

/* Begin PBXBuildFile section */
		64E826412B3CF5FF00974813 /* AppDelegate.swift in Sources */ = {isa = PBXBuildFile; fileRef = 64E826402B3CF5FF00974813 /* AppDelegate.swift */; };
		64E826432B3CF5FF00974813 /* SceneDelegate.swift in Sources */ = {isa = PBXBuildFile; fileRef = 64E826422B3CF5FF00974813 /* SceneDelegate.swift */; };
		64E826452B3CF5FF00974813 /* HomeViewController.swift in Sources */ = {isa = PBXBuildFile; fileRef = 64E826442B3CF5FF00974813 /* HomeViewController.swift */; };
		64E826482B3CF5FF00974813 /* Main.storyboard in Resources */ = {isa = PBXBuildFile; fileRef = 64E826462B3CF5FF00974813 /* Main.storyboard */; };
		64E8264A2B3CF60100974813 /* Assets.xcassets in Resources */ = {isa = PBXBuildFile; fileRef = 64E826492B3CF60100974813 /* Assets.xcassets */; };
		64E8264D2B3CF60100974813 /* LaunchScreen.storyboard in Resources */ = {isa = PBXBuildFile; fileRef = 64E8264B2B3CF60100974813 /* LaunchScreen.storyboard */; };
		DF29EA422B3F8C83008F8606 /* HomeViewModel.swift in Sources */ = {isa = PBXBuildFile; fileRef = DF29EA412B3F8C83008F8606 /* HomeViewModel.swift */; };
		DF29EA442B3F8C99008F8606 /* HomeService.swift in Sources */ = {isa = PBXBuildFile; fileRef = DF29EA432B3F8C99008F8606 /* HomeService.swift */; };
		DF29EA472B3F98A0008F8606 /* WatherDetails.swift in Sources */ = {isa = PBXBuildFile; fileRef = DF29EA462B3F98A0008F8606 /* WatherDetails.swift */; };
/* End PBXBuildFile section */

/* Begin PBXFileReference section */
		64E8263D2B3CF5FF00974813 /* climaTempo.app */ = {isa = PBXFileReference; explicitFileType = wrapper.application; includeInIndex = 0; path = climaTempo.app; sourceTree = BUILT_PRODUCTS_DIR; };
		64E826402B3CF5FF00974813 /* AppDelegate.swift */ = {isa = PBXFileReference; lastKnownFileType = sourcecode.swift; path = AppDelegate.swift; sourceTree = "<group>"; };
		64E826422B3CF5FF00974813 /* SceneDelegate.swift */ = {isa = PBXFileReference; lastKnownFileType = sourcecode.swift; path = SceneDelegate.swift; sourceTree = "<group>"; };
		64E826442B3CF5FF00974813 /* HomeViewController.swift */ = {isa = PBXFileReference; lastKnownFileType = sourcecode.swift; path = HomeViewController.swift; sourceTree = "<group>"; };
		64E826472B3CF5FF00974813 /* Base */ = {isa = PBXFileReference; lastKnownFileType = file.storyboard; name = Base; path = Base.lproj/Main.storyboard; sourceTree = "<group>"; };
		64E826492B3CF60100974813 /* Assets.xcassets */ = {isa = PBXFileReference; lastKnownFileType = folder.assetcatalog; path = Assets.xcassets; sourceTree = "<group>"; };
		64E8264C2B3CF60100974813 /* Base */ = {isa = PBXFileReference; lastKnownFileType = file.storyboard; name = Base; path = Base.lproj/LaunchScreen.storyboard; sourceTree = "<group>"; };
		64E8264E2B3CF60100974813 /* Info.plist */ = {isa = PBXFileReference; lastKnownFileType = text.plist.xml; path = Info.plist; sourceTree = "<group>"; };
		DF29EA412B3F8C83008F8606 /* HomeViewModel.swift */ = {isa = PBXFileReference; lastKnownFileType = sourcecode.swift; path = HomeViewModel.swift; sourceTree = "<group>"; };
		DF29EA432B3F8C99008F8606 /* HomeService.swift */ = {isa = PBXFileReference; lastKnownFileType = sourcecode.swift; path = HomeService.swift; sourceTree = "<group>"; };
		DF29EA462B3F98A0008F8606 /* WatherDetails.swift */ = {isa = PBXFileReference; lastKnownFileType = sourcecode.swift; path = WatherDetails.swift; sourceTree = "<group>"; };
/* End PBXFileReference section */

/* Begin PBXFrameworksBuildPhase section */
		64E8263A2B3CF5FF00974813 /* Frameworks */ = {
			isa = PBXFrameworksBuildPhase;
			buildActionMask = 2147483647;
			files = (
			);
			runOnlyForDeploymentPostprocessing = 0;
		};
/* End PBXFrameworksBuildPhase section */

/* Begin PBXGroup section */
		64E826342B3CF5FF00974813 = {
			isa = PBXGroup;
			children = (
				64E8263F2B3CF5FF00974813 /* climaTempo */,
				64E8263E2B3CF5FF00974813 /* Products */,
			);
			sourceTree = "<group>";
		};
		64E8263E2B3CF5FF00974813 /* Products */ = {
			isa = PBXGroup;
			children = (
				64E8263D2B3CF5FF00974813 /* climaTempo.app */,
			);
			name = Products;
			sourceTree = "<group>";
		};
		64E8263F2B3CF5FF00974813 /* climaTempo */ = {
			isa = PBXGroup;
			children = (
				DF29EA452B3F9860008F8606 /* Model */,
				DF29EA3C2B3F8AD1008F8606 /* HomeService */,
				DF29EA3A2B3F8A83008F8606 /* HomeViewModel */,
				64E826402B3CF5FF00974813 /* AppDelegate.swift */,
				64E826422B3CF5FF00974813 /* SceneDelegate.swift */,
				64E826442B3CF5FF00974813 /* HomeViewController.swift */,
				64E826462B3CF5FF00974813 /* Main.storyboard */,
				64E826492B3CF60100974813 /* Assets.xcassets */,
				64E8264B2B3CF60100974813 /* LaunchScreen.storyboard */,
				64E8264E2B3CF60100974813 /* Info.plist */,
			);
			path = climaTempo;
			sourceTree = "<group>";
		};
		DF29EA3A2B3F8A83008F8606 /* HomeViewModel */ = {
			isa = PBXGroup;
			children = (
				DF29EA412B3F8C83008F8606 /* HomeViewModel.swift */,
			);
			path = HomeViewModel;
			sourceTree = "<group>";
		};
		DF29EA3C2B3F8AD1008F8606 /* HomeService */ = {
			isa = PBXGroup;
			children = (
				DF29EA432B3F8C99008F8606 /* HomeService.swift */,
			);
			path = HomeService;
			sourceTree = "<group>";
		};
		DF29EA452B3F9860008F8606 /* Model */ = {
			isa = PBXGroup;
			children = (
				DF29EA462B3F98A0008F8606 /* WatherDetails.swift */,
			);
			path = Model;
			sourceTree = "<group>";
		};
/* End PBXGroup section */

/* Begin PBXNativeTarget section */
		64E8263C2B3CF5FF00974813 /* climaTempo */ = {
			isa = PBXNativeTarget;
			buildConfigurationList = 64E826512B3CF60100974813 /* Build configuration list for PBXNativeTarget "climaTempo" */;
			buildPhases = (
				64E826392B3CF5FF00974813 /* Sources */,
				64E8263A2B3CF5FF00974813 /* Frameworks */,
				64E8263B2B3CF5FF00974813 /* Resources */,
			);
			buildRules = (
			);
			dependencies = (
			);
			name = climaTempo;
			productName = climaTempo;
			productReference = 64E8263D2B3CF5FF00974813 /* climaTempo.app */;
			productType = "com.apple.product-type.application";
		};
/* End PBXNativeTarget section */

/* Begin PBXProject section */
		64E826352B3CF5FF00974813 /* Project object */ = {
			isa = PBXProject;
			attributes = {
				BuildIndependentTargetsInParallel = 1;
				LastSwiftUpdateCheck = 1500;
				LastUpgradeCheck = 1500;
				TargetAttributes = {
					64E8263C2B3CF5FF00974813 = {
						CreatedOnToolsVersion = 15.0;
					};
				};
			};
			buildConfigurationList = 64E826382B3CF5FF00974813 /* Build configuration list for PBXProject "climaTempo" */;
			compatibilityVersion = "Xcode 14.0";
			developmentRegion = en;
			hasScannedForEncodings = 0;
			knownRegions = (
				en,
				Base,
			);
			mainGroup = 64E826342B3CF5FF00974813;
			productRefGroup = 64E8263E2B3CF5FF00974813 /* Products */;
			projectDirPath = "";
			projectRoot = "";
			targets = (
				64E8263C2B3CF5FF00974813 /* climaTempo */,
			);
		};
/* End PBXProject section */

/* Begin PBXResourcesBuildPhase section */
		64E8263B2B3CF5FF00974813 /* Resources */ = {
			isa = PBXResourcesBuildPhase;
			buildActionMask = 2147483647;
			files = (
				64E8264D2B3CF60100974813 /* LaunchScreen.storyboard in Resources */,
				64E8264A2B3CF60100974813 /* Assets.xcassets in Resources */,
				64E826482B3CF5FF00974813 /* Main.storyboard in Resources */,
			);
			runOnlyForDeploymentPostprocessing = 0;
		};
/* End PBXResourcesBuildPhase section */

/* Begin PBXSourcesBuildPhase section */
		64E826392B3CF5FF00974813 /* Sources */ = {
			isa = PBXSourcesBuildPhase;
			buildActionMask = 2147483647;
			files = (
				64E826452B3CF5FF00974813 /* HomeViewController.swift in Sources */,
				DF29EA472B3F98A0008F8606 /* WatherDetails.swift in Sources */,
				64E826412B3CF5FF00974813 /* AppDelegate.swift in Sources */,
				64E826432B3CF5FF00974813 /* SceneDelegate.swift in Sources */,
				DF29EA422B3F8C83008F8606 /* HomeViewModel.swift in Sources */,
				DF29EA442B3F8C99008F8606 /* HomeService.swift in Sources */,
			);
			runOnlyForDeploymentPostprocessing = 0;
		};
/* End PBXSourcesBuildPhase section */

/* Begin PBXVariantGroup section */
		64E826462B3CF5FF00974813 /* Main.storyboard */ = {
			isa = PBXVariantGroup;
			children = (
				64E826472B3CF5FF00974813 /* Base */,
			);
			name = Main.storyboard;
			sourceTree = "<group>";
		};
		64E8264B2B3CF60100974813 /* LaunchScreen.storyboard */ = {
			isa = PBXVariantGroup;
			children = (
				64E8264C2B3CF60100974813 /* Base */,
			);
			name = LaunchScreen.storyboard;
			sourceTree = "<group>";
		};
/* End PBXVariantGroup section */

/* Begin XCBuildConfiguration section */
		64E8264F2B3CF60100974813 /* Debug */ = {
			isa = XCBuildConfiguration;
			buildSettings = {
				ALWAYS_SEARCH_USER_PATHS = NO;
				ASSETCATALOG_COMPILER_GENERATE_SWIFT_ASSET_SYMBOL_EXTENSIONS = YES;
				CLANG_ANALYZER_NONNULL = YES;
				CLANG_ANALYZER_NUMBER_OBJECT_CONVERSION = YES_AGGRESSIVE;
				CLANG_CXX_LANGUAGE_STANDARD = "gnu++20";
				CLANG_ENABLE_MODULES = YES;
				CLANG_ENABLE_OBJC_ARC = YES;
				CLANG_ENABLE_OBJC_WEAK = YES;
				CLANG_WARN_BLOCK_CAPTURE_AUTORELEASING = YES;
				CLANG_WARN_BOOL_CONVERSION = YES;
				CLANG_WARN_COMMA = YES;
				CLANG_WARN_CONSTANT_CONVERSION = YES;
				CLANG_WARN_DEPRECATED_OBJC_IMPLEMENTATIONS = YES;
				CLANG_WARN_DIRECT_OBJC_ISA_USAGE = YES_ERROR;
				CLANG_WARN_DOCUMENTATION_COMMENTS = YES;
				CLANG_WARN_EMPTY_BODY = YES;
				CLANG_WARN_ENUM_CONVERSION = YES;
				CLANG_WARN_INFINITE_RECURSION = YES;
				CLANG_WARN_INT_CONVERSION = YES;
				CLANG_WARN_NON_LITERAL_NULL_CONVERSION = YES;
				CLANG_WARN_OBJC_IMPLICIT_RETAIN_SELF = YES;
				CLANG_WARN_OBJC_LITERAL_CONVERSION = YES;
				CLANG_WARN_OBJC_ROOT_CLASS = YES_ERROR;
				CLANG_WARN_QUOTED_INCLUDE_IN_FRAMEWORK_HEADER = YES;
				CLANG_WARN_RANGE_LOOP_ANALYSIS = YES;
				CLANG_WARN_STRICT_PROTOTYPES = YES;
				CLANG_WARN_SUSPICIOUS_MOVE = YES;
				CLANG_WARN_UNGUARDED_AVAILABILITY = YES_AGGRESSIVE;
				CLANG_WARN_UNREACHABLE_CODE = YES;
				CLANG_WARN__DUPLICATE_METHOD_MATCH = YES;
				COPY_PHASE_STRIP = NO;
				DEBUG_INFORMATION_FORMAT = dwarf;
				ENABLE_STRICT_OBJC_MSGSEND = YES;
				ENABLE_TESTABILITY = YES;
				ENABLE_USER_SCRIPT_SANDBOXING = YES;
				GCC_C_LANGUAGE_STANDARD = gnu17;
				GCC_DYNAMIC_NO_PIC = NO;
				GCC_NO_COMMON_BLOCKS = YES;
				GCC_OPTIMIZATION_LEVEL = 0;
				GCC_PREPROCESSOR_DEFINITIONS = (
					"DEBUG=1",
					"$(inherited)",
				);
				GCC_WARN_64_TO_32_BIT_CONVERSION = YES;
				GCC_WARN_ABOUT_RETURN_TYPE = YES_ERROR;
				GCC_WARN_UNDECLARED_SELECTOR = YES;
				GCC_WARN_UNINITIALIZED_AUTOS = YES_AGGRESSIVE;
				GCC_WARN_UNUSED_FUNCTION = YES;
				GCC_WARN_UNUSED_VARIABLE = YES;
				IPHONEOS_DEPLOYMENT_TARGET = 17.0;
				LOCALIZATION_PREFERS_STRING_CATALOGS = YES;
				MTL_ENABLE_DEBUG_INFO = INCLUDE_SOURCE;
				MTL_FAST_MATH = YES;
				ONLY_ACTIVE_ARCH = YES;
				SDKROOT = iphoneos;
				SWIFT_ACTIVE_COMPILATION_CONDITIONS = "DEBUG $(inherited)";
				SWIFT_OPTIMIZATION_LEVEL = "-Onone";
			};
			name = Debug;
		};
		64E826502B3CF60100974813 /* Release */ = {
			isa = XCBuildConfiguration;
			buildSettings = {
				ALWAYS_SEARCH_USER_PATHS = NO;
				ASSETCATALOG_COMPILER_GENERATE_SWIFT_ASSET_SYMBOL_EXTENSIONS = YES;
				CLANG_ANALYZER_NONNULL = YES;
				CLANG_ANALYZER_NUMBER_OBJECT_CONVERSION = YES_AGGRESSIVE;
				CLANG_CXX_LANGUAGE_STANDARD = "gnu++20";
				CLANG_ENABLE_MODULES = YES;
				CLANG_ENABLE_OBJC_ARC = YES;
				CLANG_ENABLE_OBJC_WEAK = YES;
				CLANG_WARN_BLOCK_CAPTURE_AUTORELEASING = YES;
				CLANG_WARN_BOOL_CONVERSION = YES;
				CLANG_WARN_COMMA = YES;
				CLANG_WARN_CONSTANT_CONVERSION = YES;
				CLANG_WARN_DEPRECATED_OBJC_IMPLEMENTATIONS = YES;
				CLANG_WARN_DIRECT_OBJC_ISA_USAGE = YES_ERROR;
				CLANG_WARN_DOCUMENTATION_COMMENTS = YES;
				CLANG_WARN_EMPTY_BODY = YES;
				CLANG_WARN_ENUM_CONVERSION = YES;
				CLANG_WARN_INFINITE_RECURSION = YES;
				CLANG_WARN_INT_CONVERSION = YES;
				CLANG_WARN_NON_LITERAL_NULL_CONVERSION = YES;
				CLANG_WARN_OBJC_IMPLICIT_RETAIN_SELF = YES;
				CLANG_WARN_OBJC_LITERAL_CONVERSION = YES;
				CLANG_WARN_OBJC_ROOT_CLASS = YES_ERROR;
				CLANG_WARN_QUOTED_INCLUDE_IN_FRAMEWORK_HEADER = YES;
				CLANG_WARN_RANGE_LOOP_ANALYSIS = YES;
				CLANG_WARN_STRICT_PROTOTYPES = YES;
				CLANG_WARN_SUSPICIOUS_MOVE = YES;
				CLANG_WARN_UNGUARDED_AVAILABILITY = YES_AGGRESSIVE;
				CLANG_WARN_UNREACHABLE_CODE = YES;
				CLANG_WARN__DUPLICATE_METHOD_MATCH = YES;
				COPY_PHASE_STRIP = NO;
				DEBUG_INFORMATION_FORMAT = "dwarf-with-dsym";
				ENABLE_NS_ASSERTIONS = NO;
				ENABLE_STRICT_OBJC_MSGSEND = YES;
				ENABLE_USER_SCRIPT_SANDBOXING = YES;
				GCC_C_LANGUAGE_STANDARD = gnu17;
				GCC_NO_COMMON_BLOCKS = YES;
				GCC_WARN_64_TO_32_BIT_CONVERSION = YES;
				GCC_WARN_ABOUT_RETURN_TYPE = YES_ERROR;
				GCC_WARN_UNDECLARED_SELECTOR = YES;
				GCC_WARN_UNINITIALIZED_AUTOS = YES_AGGRESSIVE;
				GCC_WARN_UNUSED_FUNCTION = YES;
				GCC_WARN_UNUSED_VARIABLE = YES;
				IPHONEOS_DEPLOYMENT_TARGET = 17.0;
				LOCALIZATION_PREFERS_STRING_CATALOGS = YES;
				MTL_ENABLE_DEBUG_INFO = NO;
				MTL_FAST_MATH = YES;
				SDKROOT = iphoneos;
				SWIFT_COMPILATION_MODE = wholemodule;
				VALIDATE_PRODUCT = YES;
			};
			name = Release;
		};
		64E826522B3CF60100974813 /* Debug */ = {
			isa = XCBuildConfiguration;
			buildSettings = {
				ASSETCATALOG_COMPILER_APPICON_NAME = AppIcon;
				ASSETCATALOG_COMPILER_GLOBAL_ACCENT_COLOR_NAME = AccentColor;
				CODE_SIGN_STYLE = Automatic;
				CURRENT_PROJECT_VERSION = 1;
				GENERATE_INFOPLIST_FILE = YES;
				INFOPLIST_FILE = climaTempo/Info.plist;
				INFOPLIST_KEY_UIApplicationSupportsIndirectInputEvents = YES;
				INFOPLIST_KEY_UILaunchStoryboardName = LaunchScreen;
				INFOPLIST_KEY_UIMainStoryboardFile = Main;
				INFOPLIST_KEY_UISupportedInterfaceOrientations_iPad = "UIInterfaceOrientationPortrait UIInterfaceOrientationPortraitUpsideDown UIInterfaceOrientationLandscapeLeft UIInterfaceOrientationLandscapeRight";
				INFOPLIST_KEY_UISupportedInterfaceOrientations_iPhone = "UIInterfaceOrientationPortrait UIInterfaceOrientationLandscapeLeft UIInterfaceOrientationLandscapeRight";
				LD_RUNPATH_SEARCH_PATHS = (
					"$(inherited)",
					"@executable_path/Frameworks",
				);
				MARKETING_VERSION = 1.0;
				PRODUCT_BUNDLE_IDENTIFIER = backfront.climaTempo;
				PRODUCT_NAME = "$(TARGET_NAME)";
				SUPPORTED_PLATFORMS = "iphoneos iphonesimulator";
				SUPPORTS_MACCATALYST = NO;
				SUPPORTS_MAC_DESIGNED_FOR_IPHONE_IPAD = NO;
				SWIFT_EMIT_LOC_STRINGS = YES;
				SWIFT_VERSION = 5.0;
				TARGETED_DEVICE_FAMILY = 1;
			};
			name = Debug;
		};
		64E826532B3CF60100974813 /* Release */ = {
			isa = XCBuildConfiguration;
			buildSettings = {
				ASSETCATALOG_COMPILER_APPICON_NAME = AppIcon;
				ASSETCATALOG_COMPILER_GLOBAL_ACCENT_COLOR_NAME = AccentColor;
				CODE_SIGN_STYLE = Automatic;
				CURRENT_PROJECT_VERSION = 1;
				GENERATE_INFOPLIST_FILE = YES;
				INFOPLIST_FILE = climaTempo/Info.plist;
				INFOPLIST_KEY_UIApplicationSupportsIndirectInputEvents = YES;
				INFOPLIST_KEY_UILaunchStoryboardName = LaunchScreen;
				INFOPLIST_KEY_UIMainStoryboardFile = Main;
				INFOPLIST_KEY_UISupportedInterfaceOrientations_iPad = "UIInterfaceOrientationPortrait UIInterfaceOrientationPortraitUpsideDown UIInterfaceOrientationLandscapeLeft UIInterfaceOrientationLandscapeRight";
				INFOPLIST_KEY_UISupportedInterfaceOrientations_iPhone = "UIInterfaceOrientationPortrait UIInterfaceOrientationLandscapeLeft UIInterfaceOrientationLandscapeRight";
				LD_RUNPATH_SEARCH_PATHS = (
					"$(inherited)",
					"@executable_path/Frameworks",
				);
				MARKETING_VERSION = 1.0;
				PRODUCT_BUNDLE_IDENTIFIER = backfront.climaTempo;
				PRODUCT_NAME = "$(TARGET_NAME)";
				SUPPORTED_PLATFORMS = "iphoneos iphonesimulator";
				SUPPORTS_MACCATALYST = NO;
				SUPPORTS_MAC_DESIGNED_FOR_IPHONE_IPAD = NO;
				SWIFT_EMIT_LOC_STRINGS = YES;
				SWIFT_VERSION = 5.0;
				TARGETED_DEVICE_FAMILY = 1;
			};
			name = Release;
		};
/* End XCBuildConfiguration section */

/* Begin XCConfigurationList section */
		64E826382B3CF5FF00974813 /* Build configuration list for PBXProject "climaTempo" */ = {
			isa = XCConfigurationList;
			buildConfigurations = (
				64E8264F2B3CF60100974813 /* Debug */,
				64E826502B3CF60100974813 /* Release */,
			);
			defaultConfigurationIsVisible = 0;
			defaultConfigurationName = Release;
		};
		64E826512B3CF60100974813 /* Build configuration list for PBXNativeTarget "climaTempo" */ = {
			isa = XCConfigurationList;
			buildConfigurations = (
				64E826522B3CF60100974813 /* Debug */,
				64E826532B3CF60100974813 /* Release */,
			);
			defaultConfigurationIsVisible = 0;
			defaultConfigurationName = Release;
		};
/* End XCConfigurationList section */
	};
	rootObject = 64E826352B3CF5FF00974813 /* Project object */;
}
